# This file is automatically @generated by Poetry 1.8.3 and should not be changed by hand.

[[package]]
name = "nested-diff"
version = "1.6.0"
description = "Recursive diff and patch for nested structures."
optional = false
python-versions = ">=3.7"
files = [
    {file = "nested_diff-1.6.0-py3-none-any.whl", hash = "sha256:236895d56d64b39123034321bd819bf77006632fd96d0095b02e5183fce1f8ba"},
    {file = "nested_diff-1.6.0.tar.gz", hash = "sha256:2d9eea19595d69380ac51686627bb54cc2bdb6f72fbca2d7fd6dd8838f31d1df"},
]

[package.extras]
cli = ["pyyaml", "tomli (>=1.1.0)", "tomli-w (>=1.0.0)"]
lint = ["darglint"]
test = ["pytest", "pytest-cov", "pytest-ruff", "ruff (==0.6.3)"]

[metadata]
lock-version = "2.0"
python-versions = "^3.10"
content-hash = "48bb3ce7b50faef55ff50e4043e602563546c02260508e8b12379ecc28667022"
